
Microsoft Visual Studio Solution File, Format Version 12.00
# Visual Studio Version 17
VisualStudioVersion = 17.10.34928.147
MinimumVisualStudioVersion = 10.0.40219.1
Project("{9A19103F-16F7-4668-BE54-9A1E7A4F7556}") = "Booking.UI", "Booking.UI\Booking.UI.csproj", "{967AE4E6-9597-48B9-9202-D143B35CD2F8}"
	ProjectSection(ProjectDependencies) = postProject
		{8F718AC9-593A-4AE8-B427-6A6F4D6B3FC9} = {8F718AC9-593A-4AE8-B427-6A6F4D6B3FC9}
		{AFBF299C-0ED0-490D-AFEC-7ACA6D9F6503} = {AFBF299C-0ED0-490D-AFEC-7ACA6D9F6503}
	EndProjectSection
EndProject
Project("{9A19103F-16F7-4668-BE54-9A1E7A4F7556}") = "Booking.Business", "Booking.Business\Booking.Business.csproj", "{AFBF299C-0ED0-490D-AFEC-7ACA6D9F6503}"
	ProjectSection(ProjectDependencies) = postProject
		{3B008BDE-6322-4ECC-8465-2E029CB2B5A4} = {3B008BDE-6322-4ECC-8465-2E029CB2B5A4}
		{8F718AC9-593A-4AE8-B427-6A6F4D6B3FC9} = {8F718AC9-593A-4AE8-B427-6A6F4D6B3FC9}
	EndProjectSection
EndProject
Project("{9A19103F-16F7-4668-BE54-9A1E7A4F7556}") = "Booking.DataAccess", "Booking.DataAccess\Booking.DataAccess.csproj", "{3B008BDE-6322-4ECC-8465-2E029CB2B5A4}"
	ProjectSection(ProjectDependencies) = postProject
		{8F718AC9-593A-4AE8-B427-6A6F4D6B3FC9} = {8F718AC9-593A-4AE8-B427-6A6F4D6B3FC9}
	EndProjectSection
EndProject
Project("{9A19103F-16F7-4668-BE54-9A1E7A4F7556}") = "Booking.Entities", "Booking.Entities\Booking.Entities.csproj", "{8F718AC9-593A-4AE8-B427-6A6F4D6B3FC9}"
EndProject
Global
	GlobalSection(SolutionConfigurationPlatforms) = preSolution
		Debug|Any CPU = Debug|Any CPU
		Release|Any CPU = Release|Any CPU
	EndGlobalSection
	GlobalSection(ProjectConfigurationPlatforms) = postSolution
		{967AE4E6-9597-48B9-9202-D143B35CD2F8}.Debug|Any CPU.ActiveCfg = Debug|Any CPU
		{967AE4E6-9597-48B9-9202-D143B35CD2F8}.Debug|Any CPU.Build.0 = Debug|Any CPU
		{967AE4E6-9597-48B9-9202-D143B35CD2F8}.Release|Any CPU.ActiveCfg = Release|Any CPU
		{967AE4E6-9597-48B9-9202-D143B35CD2F8}.Release|Any CPU.Build.0 = Release|Any CPU
		{AFBF299C-0ED0-490D-AFEC-7ACA6D9F6503}.Debug|Any CPU.ActiveCfg = Debug|Any CPU
		{AFBF299C-0ED0-490D-AFEC-7ACA6D9F6503}.Debug|Any CPU.Build.0 = Debug|Any CPU
		{AFBF299C-0ED0-490D-AFEC-7ACA6D9F6503}.Release|Any CPU.ActiveCfg = Release|Any CPU
		{AFBF299C-0ED0-490D-AFEC-7ACA6D9F6503}.Release|Any CPU.Build.0 = Release|Any CPU
		{3B008BDE-6322-4ECC-8465-2E029CB2B5A4}.Debug|Any CPU.ActiveCfg = Debug|Any CPU
		{3B008BDE-6322-4ECC-8465-2E029CB2B5A4}.Debug|Any CPU.Build.0 = Debug|Any CPU
		{3B008BDE-6322-4ECC-8465-2E029CB2B5A4}.Release|Any CPU.ActiveCfg = Release|Any CPU
		{3B008BDE-6322-4ECC-8465-2E029CB2B5A4}.Release|Any CPU.Build.0 = Release|Any CPU
		{8F718AC9-593A-4AE8-B427-6A6F4D6B3FC9}.Debug|Any CPU.ActiveCfg = Debug|Any CPU
		{8F718AC9-593A-4AE8-B427-6A6F4D6B3FC9}.Debug|Any CPU.Build.0 = Debug|Any CPU
		{8F718AC9-593A-4AE8-B427-6A6F4D6B3FC9}.Release|Any CPU.ActiveCfg = Release|Any CPU
		{8F718AC9-593A-4AE8-B427-6A6F4D6B3FC9}.Release|Any CPU.Build.0 = Release|Any CPU
	EndGlobalSection
	GlobalSection(SolutionProperties) = preSolution
		HideSolutionNode = FALSE
	EndGlobalSection
	GlobalSection(ExtensibilityGlobals) = postSolution
		SolutionGuid = {B09F9EAD-EF3A-422A-9E2F-8C340B621990}
	EndGlobalSection
EndGlobal
